{
  "name": "branding",
  "version": "1.0.0",
  "lockfileVersion": 3,
  "requires": true,
  "packages": {
    "": {
      "name": "branding",
      "version": "1.0.0",
      "license": "ISC",
      "dependencies": {
        "@fontsource/sora": "^5.2.8"
      }
    },
    "node_modules/@fontsource/sora": {
      "version": "5.2.8",
      "resolved": "https://registry.npmjs.org/@fontsource/sora/-/sora-5.2.8.tgz",
      "integrity": "sha512-1G6iTXUx8rcCKzi3mjaTQ1DE8PQz0OmW3Qnku+64S+bqRr1o/gGeiw8fxIQhhBU9ZP8ZofIqai7o00DNOPnlDw==",
      "license": "OFL-1.1",
      "funding": {
        "url": "https://github.com/sponsors/ayuhito"
      }
    }
  }
}
